github.com/arduino/go-paths-helper v1.14.0 h1:b4C8KJa7CNz2XnzTWg97M3LAmzWSWrj+m/o5/skzv3Y=
github.com/arduino/go-paths-helper v1.14.0/go.mod h1:dDodKn2ZX4iwuoBMapdDO+5d0oDLBeM4BS0xS4i40Ak=
github.com/arduino/go-properties-orderedmap v1.9.0 h1:tAPwd8RMMi5dhsIsve5VYe9DHEw0IJP6hZ8e2F9NFcQ=
github.com/arduino/go-properties-orderedmap v1.9.0/go.mod h1:6JXfyKBfcDEduXqCXDVuopJZWJhkjEGp67YdAWYixdo=
github.com/google/go-cmp v0.7.0 h1:wk8382ETsv4JYUZwIsn6YpYiWiBsYLSJiTsyBybVuN8=
github.com/google/go-cmp v0.7.0/go.mod h1:pXiqmnSA92OHEEa9HXL2W4E7lf9JzCmGVUdgjX3N/iU=
github.com/sourcegraph/go-diff v0.8.0 h1:ipIyu4cTsLbIrln4l0qtHA3r0a7gyK4ntKjtQytHhvY=
github.com/sourcegraph/go-diff v0.8.0/go.mod h1:hWlcO7Al+UZStZAP8rBumHpCK5ZHQ5BXsMls8p4+F5E=
github.com/stretchr/testify v1.12.1 h1:EuwCh5fleGS7H32xRwO3wRGT7DxrDhLAT6FF8MpWDWE=
github.com/stretchr/testify v1.12.1/go.mod h1:MDEgiDPPsNp5cuIrHPPCyornHKgEVbtFUmoNlxoYthg=
go.yaml.in/yaml/v3 v3.0.5 h1:N6y/pJk8buWs9NY5ERU2HSMfm+IuD/OtfdAnq6kESPw=
go.yaml.in/yaml/v3 v3.0.5/go.mod h1:HVTZu1O7/Vkt2N+BFy8Zza+lnLsABggaTM2ZpNIGuKg=
golang.org/x/sys v0.47.0 h1:o7XGOvZQCADBQQ4Y7VNq2dRWQR7JmOUW8Kxx4ZsNgWs=
golang.org/x/sys v0.47.0/go.mod h1:4GL1E5IUh+htKOUEOaiffhrAeqysfVGipDYzABqnCmw=
gopkg.in/check.v1 v0.0.0-20161208181325-20d25e280405 h1:yhCVgyC4o1eVCa2tZl7eS0r+SDo693bJlVdllGtEeKM=
gopkg.in/check.v1 v0.0.0-20161208181325-20d25e280405/go.mod h1:Co6ibVJAznAaIkqp8huTwlJQCZ016jof/cbN4VW5Yz0=
gopkg.in/yaml.v3 v3.0.1 h1:fxVm/GzAzEWqLHuvctI91KS9hhNmmWOoWu0XTYJS7CA=
gopkg.in/yaml.v3 v3.0.1/go.mod h1:K4uyk7z7BCEPqu6E+C64Yfv1cQ7kz7rIZviUmN+EgEM=
